
Microsoft Visual Studio Solution File, Format Version 12.00
# Visual Studio Version 16
VisualStudioVersion = 16.0.808.5
MinimumVisualStudioVersion = 10.0.40219.1
Project("{FAE04EC0-301F-11D3-BF4B-00C04F79EFBC}") = "Slaves.Web", "Slaves.Web\Slaves.Web.csproj", "{15454422-AD12-4831-A88C-37809D463C9C}"
EndProject
Global
	GlobalSection(SolutionConfigurationPlatforms) = preSolution
		Debug|Any CPU = Debug|Any CPU
		Release|Any CPU = Release|Any CPU
	EndGlobalSection
	GlobalSection(ProjectConfigurationPlatforms) = postSolution
		{15454422-AD12-4831-A88C-37809D463C9C}.Debug|Any CPU.ActiveCfg = Debug|Any CPU
		{15454422-AD12-4831-A88C-37809D463C9C}.Debug|Any CPU.Build.0 = Debug|Any CPU
		{15454422-AD12-4831-A88C-37809D463C9C}.Release|Any CPU.ActiveCfg = Release|Any CPU
		{15454422-AD12-4831-A88C-37809D463C9C}.Release|Any CPU.Build.0 = Release|Any CPU
	EndGlobalSection
	GlobalSection(SolutionProperties) = preSolution
		HideSolutionNode = FALSE
	EndGlobalSection
	GlobalSection(ExtensibilityGlobals) = postSolution
		SolutionGuid = {D53F7537-028C-40F5-B8F5-59A81D3D2F96}
	EndGlobalSection
EndGlobal
